
Microsoft Visual Studio Solution File, Format Version 12.00
# Visual Studio Version 16
VisualStudioVersion = 16.0.33529.622
MinimumVisualStudioVersion = 10.0.40219.1
Project("{FAE04EC0-301F-11D3-BF4B-00C04F79EFBC}") = "daily_record", "daily_record\daily_record.csproj", "{472F0422-FCEB-48F6-9C75-021047541C72}"
EndProject
Global
	GlobalSection(SolutionConfigurationPlatforms) = preSolution
		Debug|Any CPU = Debug|Any CPU
		Release|Any CPU = Release|Any CPU
	EndGlobalSection
	GlobalSection(ProjectConfigurationPlatforms) = postSolution
		{472F0422-FCEB-48F6-9C75-021047541C72}.Debug|Any CPU.ActiveCfg = Debug|Any CPU
		{472F0422-FCEB-48F6-9C75-021047541C72}.Debug|Any CPU.Build.0 = Debug|Any CPU
		{472F0422-FCEB-48F6-9C75-021047541C72}.Release|Any CPU.ActiveCfg = Release|Any CPU
		{472F0422-FCEB-48F6-9C75-021047541C72}.Release|Any CPU.Build.0 = Release|Any CPU
	EndGlobalSection
	GlobalSection(SolutionProperties) = preSolution
		HideSolutionNode = FALSE
	EndGlobalSection
	GlobalSection(ExtensibilityGlobals) = postSolution
		SolutionGuid = {D331C516-26DE-4D1B-8FF8-3DE646A6A3D8}
	EndGlobalSection
EndGlobal
